
Microsoft Visual Studio Solution File, Format Version 12.00
# Visual Studio Version 16
VisualStudioVersion = 16.0.29709.97
MinimumVisualStudioVersion = 10.0.40219.1
Project("{FAE04EC0-301F-11D3-BF4B-00C04F79EFBC}") = "Electric-meter_reading", "Electric-meter_reading.csproj", "{52F9895D-CA16-4DFA-8B18-BFFC7CA25AC4}"
EndProject
Global
	GlobalSection(SolutionConfigurationPlatforms) = preSolution
		Debug|Any CPU = Debug|Any CPU
		Release|Any CPU = Release|Any CPU
	EndGlobalSection
	GlobalSection(ProjectConfigurationPlatforms) = postSolution
		{52F9895D-CA16-4DFA-8B18-BFFC7CA25AC4}.Debug|Any CPU.ActiveCfg = Debug|Any CPU
		{52F9895D-CA16-4DFA-8B18-BFFC7CA25AC4}.Debug|Any CPU.Build.0 = Debug|Any CPU
		{52F9895D-CA16-4DFA-8B18-BFFC7CA25AC4}.Release|Any CPU.ActiveCfg = Release|Any CPU
		{52F9895D-CA16-4DFA-8B18-BFFC7CA25AC4}.Release|Any CPU.Build.0 = Release|Any CPU
	EndGlobalSection
	GlobalSection(SolutionProperties) = preSolution
		HideSolutionNode = FALSE
	EndGlobalSection
	GlobalSection(ExtensibilityGlobals) = postSolution
		SolutionGuid = {90669CB0-5A8D-48FB-8758-289D52E1C43B}
	EndGlobalSection
EndGlobal
